
Microsoft Visual Studio Solution File, Format Version 12.00
# Visual Studio Version 17
VisualStudioVersion = 17.10.34916.146
MinimumVisualStudioVersion = 10.0.40219.1
Project("{FAE04EC0-301F-11D3-BF4B-00C04F79EFBC}") = "GenericSample", "GenericSample\GenericSample.csproj", "{EAA20A62-5CCF-45C7-BFB6-FEA16EC23CF5}"
EndProject
Global
	GlobalSection(SolutionConfigurationPlatforms) = preSolution
		Debug|Any CPU = Debug|Any CPU
		Release|Any CPU = Release|Any CPU
	EndGlobalSection
	GlobalSection(ProjectConfigurationPlatforms) = postSolution
		{EAA20A62-5CCF-45C7-BFB6-FEA16EC23CF5}.Debug|Any CPU.ActiveCfg = Debug|Any CPU
		{EAA20A62-5CCF-45C7-BFB6-FEA16EC23CF5}.Debug|Any CPU.Build.0 = Debug|Any CPU
		{EAA20A62-5CCF-45C7-BFB6-FEA16EC23CF5}.Release|Any CPU.ActiveCfg = Release|Any CPU
		{EAA20A62-5CCF-45C7-BFB6-FEA16EC23CF5}.Release|Any CPU.Build.0 = Release|Any CPU
	EndGlobalSection
	GlobalSection(SolutionProperties) = preSolution
		HideSolutionNode = FALSE
	EndGlobalSection
	GlobalSection(ExtensibilityGlobals) = postSolution
		SolutionGuid = {A5E43011-F638-4625-AE4D-7D5C0C7DD7D5}
	EndGlobalSection
EndGlobal
